
Microsoft Visual Studio Solution File, Format Version 12.00
# Visual Studio Version 17
VisualStudioVersion = 17.0.31903.59
MinimumVisualStudioVersion = 10.0.40219.1
Project("{FAE04EC0-301F-11D3-BF4B-00C04F79EFBC}") = "Projeto", "Projeto\Projeto.csproj", "{3956D762-3C91-4CA0-B8F6-4FCCDAEE43B9}"
EndProject
Project("{FAE04EC0-301F-11D3-BF4B-00C04F79EFBC}") = "Challenges", "Challenges\Challenges.csproj", "{A16EE877-923C-45E8-96AB-8D70D4CC5049}"
EndProject
Global
	GlobalSection(SolutionConfigurationPlatforms) = preSolution
		Debug|Any CPU = Debug|Any CPU
		Release|Any CPU = Release|Any CPU
	EndGlobalSection
	GlobalSection(SolutionProperties) = preSolution
		HideSolutionNode = FALSE
	EndGlobalSection
	GlobalSection(ProjectConfigurationPlatforms) = postSolution
		{3956D762-3C91-4CA0-B8F6-4FCCDAEE43B9}.Debug|Any CPU.ActiveCfg = Debug|Any CPU
		{3956D762-3C91-4CA0-B8F6-4FCCDAEE43B9}.Debug|Any CPU.Build.0 = Debug|Any CPU
		{3956D762-3C91-4CA0-B8F6-4FCCDAEE43B9}.Release|Any CPU.ActiveCfg = Release|Any CPU
		{3956D762-3C91-4CA0-B8F6-4FCCDAEE43B9}.Release|Any CPU.Build.0 = Release|Any CPU
		{A16EE877-923C-45E8-96AB-8D70D4CC5049}.Debug|Any CPU.ActiveCfg = Debug|Any CPU
		{A16EE877-923C-45E8-96AB-8D70D4CC5049}.Debug|Any CPU.Build.0 = Debug|Any CPU
		{A16EE877-923C-45E8-96AB-8D70D4CC5049}.Release|Any CPU.ActiveCfg = Release|Any CPU
		{A16EE877-923C-45E8-96AB-8D70D4CC5049}.Release|Any CPU.Build.0 = Release|Any CPU
	EndGlobalSection
EndGlobal
